github.com/nunocoracao/blowfish/v2 v2.94.0 h1:mJGW6V3vi3u4rJ24mV5iTVDXbe0MjcTzI/OwvZsWeU4=
github.com/nunocoracao/blowfish/v2 v2.94.0/go.mod h1:4SkMc+Ht8gpQCwArqiHMBDP3soxi2OWuAhVney+cuyk=
github.com/nunocoracao/blowfish/v2 v2.96.0 h1:+1mIvQ61ZEQMUKd/o3SvC8YFlkqD/KYRXhgPs9baopY=
github.com/nunocoracao/blowfish/v2 v2.96.0/go.mod h1:4SkMc+Ht8gpQCwArqiHMBDP3soxi2OWuAhVney+cuyk=
github.com/nunocoracao/blowfish/v2 v2.97.0 h1:ofFBkTQKFDnM5/XVLReuJ6KPzLQFwscEg0dYEebWXvw=
github.com/nunocoracao/blowfish/v2 v2.97.0/go.mod h1:4SkMc+Ht8gpQCwArqiHMBDP3soxi2OWuAhVney+cuyk=
github.com/nunocoracao/blowfish/v2 v2.98.0 h1:2k/f19NwAlhEIq08WOOgbYB4LlzWF2YEhoDoflSH0eU=
github.com/nunocoracao/blowfish/v2 v2.98.0/go.mod h1:4SkMc+Ht8gpQCwArqiHMBDP3soxi2OWuAhVney+cuyk=
github.com/nunocoracao/blowfish/v2 v2.101.0 h1:nis5qMDPm+6NqsgxdOAXEXQZqk61hiCqTRczwLlxThc=
github.com/nunocoracao/blowfish/v2 v2.101.0/go.mod h1:4SkMc+Ht8gpQCwArqiHMBDP3soxi2OWuAhVney+cuyk=
